{
  "lockfile-version": 1,
  "manifest": {
    "schema-version": "1.11.0",
    "install": {
      "argocd": {
        "pkg-path": "argocd"
      },
      "awscli2": {
        "pkg-path": "awscli2"
      },
      "eksctl": {
        "pkg-path": "eksctl"
      },
      "gradle": {
        "pkg-path": "gradle"
      },
      "jdk21": {
        "pkg-path": "jdk21"
      },
      "kubectl": {
        "pkg-path": "kubectl"
      },
      "kubernetes-helm": {
        "pkg-path": "kubernetes-helm"
      },
      "kustomize": {
        "pkg-path": "kustomize"
      },
      "nodejs": {
        "pkg-path": "nodejs"
      },
      "pnpm": {
        "pkg-path": "pnpm"
      },
      "terraform": {
        "pkg-path": "terraform"
      }
    },
    "hook": {
      "on-activate": "  if command -v docker &> /dev/null; then\n    docker compose -f \"$FLOX_ENV_PROJECT/docker-compose.yaml\" up -d --quiet-pull 2>/dev/null\n  fi\n"
    },
    "profile": {},
    "options": {}
  },
  "packages": [
    {
      "attr_path": "argocd",
      "broken": false,
      "derivation": "/nix/store/3v1jccvc5ba54zj62xh5djg3h2sppxjn-argocd-3.3.2.drv",
      "description": "Declarative continuous deployment for Kubernetes",
      "install_id": "argocd",
      "license": "Apache-2.0",
      "locked_url": "https://github.com/flox/nixpkgs?rev=6c9a78c09ff4d6c21d0319114873508a6ec01655",
      "name": "argocd-3.3.2",
      "pname": "argocd",
      "rev": "6c9a78c09ff4d6c21d0319114873508a6ec01655",
      "rev_count": 967235,
      "rev_date": "2026-03-21T15:16:39Z",
      "scrape_date": "2026-03-25T15:43:59.931238Z",
      "stabilities": [
        "unstable"
      ],
      "unfree": false,
      "version": "3.3.2",
      "outputs_to_install": [
        "out"
      ],
      "outputs": {
        "out": "/nix/store/yab22zwz1y877clib5jczc71yblqpwx8-argocd-3.3.2"
      },
      "system": "aarch64-darwin",
      "group": "toplevel",
      "priority": 5
    },
    {
      "attr_path": "argocd",
      "broken": false,
      "derivation": "/nix/store/f6qxcsvddgnfn2f2hrld0scqm6i12dnx-argocd-3.3.2.drv",
      "description": "Declarative continuous deployment for Kubernetes",
      "install_id": "argocd",
      "license": "Apache-2.0",
      "locked_url": "https://github.com/flox/nixpkgs?rev=6c9a78c09ff4d6c21d0319114873508a6ec01655",
      "name": "argocd-3.3.2",
      "pname": "argocd",
      "rev": "6c9a78c09ff4d6c21d0319114873508a6ec01655",
      "rev_count": 967235,
      "rev_date": "2026-03-21T15:16:39Z",
      "scrape_date": "2026-03-25T16:24:44.025390Z",
      "stabilities": [
        "unstable"
      ],
      "unfree": false,
      "version": "3.3.2",
      "outputs_to_install": [
        "out"
      ],
      "outputs": {
        "out": "/nix/store/h0bp7i833kc8zbm09z6291pgvwq3f75s-argocd-3.3.2"
      },
      "system": "aarch64-linux",
      "group": "toplevel",
      "priority": 5
    },
    {
      "attr_path": "argocd",
      "broken": false,
      "derivation": "/nix/store/mf0w4zk5gpdw8a5cisqk6cbqzas3jdbz-argocd-3.3.2.drv",
      "description": "Declarative continuous deployment for Kubernetes",
      "install_id": "argocd",
      "license": "Apache-2.0",
      "locked_url": "https://github.com/flox/nixpkgs?rev=6c9a78c09ff4d6c21d0319114873508a6ec01655",
      "name": "argocd-3.3.2",
      "pname": "argocd",
      "rev": "6c9a78c09ff4d6c21d0319114873508a6ec01655",
      "rev_count": 967235,
      "rev_date": "2026-03-21T15:16:39Z",
      "scrape_date": "2026-03-25T17:02:41.335918Z",
      "stabilities": [
        "unstable"
      ],
      "unfree": false,
      "version": "3.3.2",
      "outputs_to_install": [
        "out"
      ],
      "outputs": {
        "out": "/nix/store/7q7ryybm6v4km8wna6933mq5p6p17p9s-argocd-3.3.2"
      },
      "system": "x86_64-darwin",
      "group": "toplevel",
      "priority": 5
    },
    {
      "attr_path": "argocd",
      "broken": false,
      "derivation": "/nix/store/bz2zwq97nn5qngn4lc782gdz0b7ggb55-argocd-3.3.2.drv",
      "description": "Declarative continuous deployment for Kubernetes",
      "install_id": "argocd",
      "license": "Apache-2.0",
      "locked_url": "https://github.com/flox/nixpkgs?rev=6c9a78c09ff4d6c21d0319114873508a6ec01655",
      "name": "argocd-3.3.2",
      "pname": "argocd",
      "rev": "6c9a78c09ff4d6c21d0319114873508a6ec01655",
      "rev_count": 967235,
      "rev_date": "2026-03-21T15:16:39Z",
      "scrape_date": "2026-03-25T17:46:55.886803Z",
      "stabilities": [
        "unstable"
      ],
      "unfree": false,
      "version": "3.3.2",
      "outputs_to_install": [
        "out"
      ],
      "outputs": {
        "out": "/nix/store/6ldmig8kgc7hsyn0vfk8y06jjb0qwpz8-argocd-3.3.2"
      },
      "system": "x86_64-linux",
      "group": "toplevel",
      "priority": 5
    },
    {
      "attr_path": "awscli2",
      "broken": false,
      "derivation": "/nix/store/c33zsv2hvpr9f94jind8pphz6d332bzc-awscli2-2.33.2.drv",
      "description": "Unified tool to manage your AWS services",
      "install_id": "awscli2",
      "license": "Apache-2.0",
      "locked_url": "https://github.com/flox/nixpkgs?rev=6c9a78c09ff4d6c21d0319114873508a6ec01655",
      "name": "awscli2-2.33.2",
      "pname": "awscli2",
      "rev": "6c9a78c09ff4d6c21d0319114873508a6ec01655",
      "rev_count": 967235,
      "rev_date": "2026-03-21T15:16:39Z",
      "scrape_date": "2026-03-25T15:43:59.969103Z",
      "stabilities": [
        "unstable"
      ],
      "unfree": false,
      "version": "2.33.2",
      "outputs_to_install": [
        "out"
      ],
      "outputs": {
        "dist": "/nix/store/m6fvn8vvggv11qw0j39jp4y5d40g5dkk-awscli2-2.33.2-dist",
        "out": "/nix/store/kcvi2738vd0k2nmi4xfmmgmywyl7sn57-awscli2-2.33.2"
      },
      "system": "aarch64-darwin",
      "group": "toplevel",
      "priority": 5
    },
    {
      "attr_path": "awscli2",
      "broken": false,
      "derivation": "/nix/store/l3j58s0g7r4iy7wgv1ffm8bzcdjhkqv5-awscli2-2.33.2.drv",
      "description": "Unified tool to manage your AWS services",
      "install_id": "awscli2",
      "license": "Apache-2.0",
      "locked_url": "https://github.com/flox/nixpkgs?rev=6c9a78c09ff4d6c21d0319114873508a6ec01655",
      "name": "awscli2-2.33.2",
      "pname": "awscli2",
      "rev": "6c9a78c09ff4d6c21d0319114873508a6ec01655",
      "rev_count": 967235,
      "rev_date": "2026-03-21T15:16:39Z",
      "scrape_date": "2026-03-25T16:24:44.074081Z",
      "stabilities": [
        "unstable"
      ],
      "unfree": false,
      "version": "2.33.2",
      "outputs_to_install": [
        "out"
      ],
      "outputs": {
        "dist": "/nix/store/x3cv3mz0mdz138gxh2rszk9fz6wwn53k-awscli2-2.33.2-dist",
        "out": "/nix/store/dhlbklcs64kp3j09ab0vwj690wwc48wb-awscli2-2.33.2"
      },
      "system": "aarch64-linux",
      "group": "toplevel",
      "priority": 5
    },
    {
      "attr_path": "awscli2",
      "broken": false,
      "derivation": "/nix/store/c5hadacwdaxcwq3zhz3j3d23jr5nrwmj-awscli2-2.33.2.drv",
      "description": "Unified tool to manage your AWS services",
      "install_id": "awscli2",
      "license": "Apache-2.0",
      "locked_url": "https://github.com/flox/nixpkgs?rev=6c9a78c09ff4d6c21d0319114873508a6ec01655",
      "name": "awscli2-2.33.2",
      "pname": "awscli2",
      "rev": "6c9a78c09ff4d6c21d0319114873508a6ec01655",
      "rev_count": 967235,
      "rev_date": "2026-03-21T15:16:39Z",
      "scrape_date": "2026-03-25T17:02:41.372184Z",
      "stabilities": [
        "unstable"
      ],
      "unfree": false,
      "version": "2.33.2",
      "outputs_to_install": [
        "out"
      ],
      "outputs": {
        "dist": "/nix/store/3brmklh7sbn8ym8yg28a3alf832pdlxk-awscli2-2.33.2-dist",
        "out": "/nix/store/0siqk73zi106fp67ixqk77d05006f7s1-awscli2-2.33.2"
      },
      "system": "x86_64-darwin",
      "group": "toplevel",
      "priority": 5
    },
    {
      "attr_path": "awscli2",
      "broken": false,
      "derivation": "/nix/store/vjidp3x0lkx1411f5mxydjyh5ahw1mnw-awscli2-2.33.2.drv",
      "description": "Unified tool to manage your AWS services",
      "install_id": "awscli2",
      "license": "Apache-2.0",
      "locked_url": "https://github.com/flox/nixpkgs?rev=6c9a78c09ff4d6c21d0319114873508a6ec01655",
      "name": "awscli2-2.33.2",
      "pname": "awscli2",
      "rev": "6c9a78c09ff4d6c21d0319114873508a6ec01655",
      "rev_count": 967235,
      "rev_date": "2026-03-21T15:16:39Z",
      "scrape_date": "2026-03-25T17:46:55.940397Z",
      "stabilities": [
        "unstable"
      ],
      "unfree": false,
      "version": "2.33.2",
      "outputs_to_install": [
        "out"
      ],
      "outputs": {
        "dist": "/nix/store/sqv67pjynsvvz47cx3j9qzv2lh7xayyn-awscli2-2.33.2-dist",
        "out": "/nix/store/saz8gzm6dr285a4nyk0spzqrnv9bn311-awscli2-2.33.2"
      },
      "system": "x86_64-linux",
      "group": "toplevel",
      "priority": 5
    },
    {
      "attr_path": "eksctl",
      "broken": false,
      "derivation": "/nix/store/nirwmgiii5hdj6m8203hz3znkwgjkh9v-eksctl-0.224.0.drv",
      "description": "CLI for Amazon EKS",
      "install_id": "eksctl",
      "license": "Apache-2.0",
      "locked_url": "https://github.com/flox/nixpkgs?rev=6c9a78c09ff4d6c21d0319114873508a6ec01655",
      "name": "eksctl-0.224.0",
      "pname": "eksctl",
      "rev": "6c9a78c09ff4d6c21d0319114873508a6ec01655",
      "rev_count": 967235,
      "rev_date": "2026-03-21T15:16:39Z",
      "scrape_date": "2026-03-25T15:44:00.793305Z",
      "stabilities": [
        "unstable"
      ],
      "unfree": false,
      "version": "0.224.0",
      "outputs_to_install": [
        "out"
      ],
      "outputs": {
        "out": "/nix/store/r8khgnavd3wxmf8312g90sqfyf50nd02-eksctl-0.224.0"
      },
      "system": "aarch64-darwin",
      "group": "toplevel",
      "priority": 5
    },
    {
      "attr_path": "eksctl",
      "broken": false,
      "derivation": "/nix/store/5lhy76fshm6484y4qnink76cbzp2fabx-eksctl-0.224.0.drv",
      "description": "CLI for Amazon EKS",
      "install_id": "eksctl",
      "license": "Apache-2.0",
      "locked_url": "https://github.com/flox/nixpkgs?rev=6c9a78c09ff4d6c21d0319114873508a6ec01655",
      "name": "eksctl-0.224.0",
      "pname": "eksctl",
      "rev": "6c9a78c09ff4d6c21d0319114873508a6ec01655",
      "rev_count": 967235,
      "rev_date": "2026-03-21T15:16:39Z",
      "scrape_date": "2026-03-25T16:24:45.111280Z",
      "stabilities": [
        "unstable"
      ],
      "unfree": false,
      "version": "0.224.0",
      "outputs_to_install": [
        "out"
      ],
      "outputs": {
        "out": "/nix/store/8a067bciviqnjgyaak2lq0vhldsfh99c-eksctl-0.224.0"
      },
      "system": "aarch64-linux",
      "group": "toplevel",
      "priority": 5
    },
    {
      "attr_path": "eksctl",
      "broken": false,
      "derivation": "/nix/store/x5qc1vjj3z6yg0in56x359qbg4vm4gjq-eksctl-0.224.0.drv",
      "description": "CLI for Amazon EKS",
      "install_id": "eksctl",
      "license": "Apache-2.0",
      "locked_url": "https://github.com/flox/nixpkgs?rev=6c9a78c09ff4d6c21d0319114873508a6ec01655",
      "name": "eksctl-0.224.0",
      "pname": "eksctl",
      "rev": "6c9a78c09ff4d6c21d0319114873508a6ec01655",
      "rev_count": 967235,
      "rev_date": "2026-03-21T15:16:39Z",
      "scrape_date": "2026-03-25T17:02:42.146911Z",
      "stabilities": [
        "unstable"
      ],
      "unfree": false,
      "version": "0.224.0",
      "outputs_to_install": [
        "out"
      ],
      "outputs": {
        "out": "/nix/store/g41l6mlsrg9jfkslsz8k083a4sjqlslw-eksctl-0.224.0"
      },
      "system": "x86_64-darwin",
      "group": "toplevel",
      "priority": 5
    },
    {
      "attr_path": "eksctl",
      "broken": false,
      "derivation": "/nix/store/z08q69hc7x708vk6xd0sqb7a3ldf5ha1-eksctl-0.224.0.drv",
      "description": "CLI for Amazon EKS",
      "install_id": "eksctl",
      "license": "Apache-2.0",
      "locked_url": "https://github.com/flox/nixpkgs?rev=6c9a78c09ff4d6c21d0319114873508a6ec01655",
      "name": "eksctl-0.224.0",
      "pname": "eksctl",
      "rev": "6c9a78c09ff4d6c21d0319114873508a6ec01655",
      "rev_count": 967235,
      "rev_date": "2026-03-21T15:16:39Z",
      "scrape_date": "2026-03-25T17:46:57.147406Z",
      "stabilities": [
        "unstable"
      ],
      "unfree": false,
      "version": "0.224.0",
      "outputs_to_install": [
        "out"
      ],
      "outputs": {
        "out": "/nix/store/g1w0fjhibw3n5dxrvghyslvanncfcz0v-eksctl-0.224.0"
      },
      "system": "x86_64-linux",
      "group": "toplevel",
      "priority": 5
    },
    {
      "attr_path": "gradle",
      "broken": false,
      "derivation": "/nix/store/354687wby6qi2qxx7gv4l77z440p5pgz-gradle-8.14.4.drv",
      "description": "Enterprise-grade build system",
      "install_id": "gradle",
      "license": "Apache-2.0",
      "locked_url": "https://github.com/flox/nixpkgs?rev=6c9a78c09ff4d6c21d0319114873508a6ec01655",
      "name": "gradle-8.14.4",
      "pname": "gradle",
      "rev": "6c9a78c09ff4d6c21d0319114873508a6ec01655",
      "rev_count": 967235,
      "rev_date": "2026-03-21T15:16:39Z",
      "scrape_date": "2026-03-25T15:44:01.544042Z",
      "stabilities": [
        "unstable"
      ],
      "unfree": false,
      "version": "8.14.4",
      "outputs_to_install": [
        "out"
      ],
      "outputs": {
        "out": "/nix/store/6c9g6kaxq56hjjgmh7ilgjc8yccb5m2m-gradle-8.14.4"
      },
      "system": "aarch64-darwin",
      "group": "toplevel",
      "priority": 5
    },
    {
      "attr_path": "gradle",
      "broken": false,
      "derivation": "/nix/store/v0ja4wfjyd9z8id0jfk95bc2ngp41w1v-gradle-8.14.4.drv",
      "description": "Enterprise-grade build system",
      "install_id": "gradle",
      "license": "Apache-2.0",
      "locked_url": "https://github.com/flox/nixpkgs?rev=6c9a78c09ff4d6c21d0319114873508a6ec01655",
      "name": "gradle-8.14.4",
      "pname": "gradle",
      "rev": "6c9a78c09ff4d6c21d0319114873508a6ec01655",
      "rev_count": 967235,
      "rev_date": "2026-03-21T15:16:39Z",
      "scrape_date": "2026-03-25T16:24:46.765330Z",
      "stabilities": [
        "unstable"
      ],
      "unfree": false,
      "version": "8.14.4",
      "outputs_to_install": [
        "out"
      ],
      "outputs": {
        "out": "/nix/store/aknkvxp3897miwlpx09pwsd1lm8zg3km-gradle-8.14.4"
      },
      "system": "aarch64-linux",
      "group": "toplevel",
      "priority": 5
    },
    {
      "attr_path": "gradle",
      "broken": false,
      "derivation": "/nix/store/rqqkzm7wlqrif29ck96yf4a5h1zg6h5k-gradle-8.14.4.drv",
      "description": "Enterprise-grade build system",
      "install_id": "gradle",
      "license": "Apache-2.0",
      "locked_url": "https://github.com/flox/nixpkgs?rev=6c9a78c09ff4d6c21d0319114873508a6ec01655",
      "name": "gradle-8.14.4",
      "pname": "gradle",
      "rev": "6c9a78c09ff4d6c21d0319114873508a6ec01655",
      "rev_count": 967235,
      "rev_date": "2026-03-21T15:16:39Z",
      "scrape_date": "2026-03-25T17:02:42.874268Z",
      "stabilities": [
        "unstable"
      ],
      "unfree": false,
      "version": "8.14.4",
      "outputs_to_install": [
        "out"
      ],
      "outputs": {
        "out": "/nix/store/a556642gigy124iq27r5asb8glncnqbw-gradle-8.14.4"
      },
      "system": "x86_64-darwin",
      "group": "toplevel",
      "priority": 5
    },
    {
      "attr_path": "gradle",
      "broken": false,
      "derivation": "/nix/store/m9wjfxz6zgcjzadq95w2xig4rprwhm5f-gradle-8.14.4.drv",
      "description": "Enterprise-grade build system",
      "install_id": "gradle",
      "license": "Apache-2.0",
      "locked_url": "https://github.com/flox/nixpkgs?rev=6c9a78c09ff4d6c21d0319114873508a6ec01655",
      "name": "gradle-8.14.4",
      "pname": "gradle",
      "rev": "6c9a78c09ff4d6c21d0319114873508a6ec01655",
      "rev_count": 967235,
      "rev_date": "2026-03-21T15:16:39Z",
      "scrape_date": "2026-03-25T17:46:58.917164Z",
      "stabilities": [
        "unstable"
      ],
      "unfree": false,
      "version": "8.14.4",
      "outputs_to_install": [
        "out"
      ],
      "outputs": {
        "out": "/nix/store/kp833bfvazvbddp3d42rz2h90q7m0gnm-gradle-8.14.4"
      },
      "system": "x86_64-linux",
      "group": "toplevel",
      "priority": 5
    },
    {
      "attr_path": "jdk21",
      "broken": false,
      "derivation": "/nix/store/hm5ja70cy6a07vddifl8yyasdsrqmv2h-zulu-ca-jdk-21.0.8.drv",
      "description": "Certified builds of OpenJDK",
      "install_id": "jdk21",
      "license": "GPL-2.0-only",
      "locked_url": "https://github.com/flox/nixpkgs?rev=6c9a78c09ff4d6c21d0319114873508a6ec01655",
      "name": "zulu-ca-jdk-21.0.8",
      "pname": "jdk21",
      "rev": "6c9a78c09ff4d6c21d0319114873508a6ec01655",
      "rev_count": 967235,
      "rev_date": "2026-03-21T15:16:39Z",
      "scrape_date": "2026-03-25T15:44:17.545244Z",
      "stabilities": [
        "unstable"
      ],
      "unfree": false,
      "version": "21.0.8",
      "outputs_to_install": [
        "out"
      ],
      "outputs": {
        "out": "/nix/store/z6sy07psaxfanyd700hxsmig3zn0wxpx-zulu-ca-jdk-21.0.8"
      },
      "system": "aarch64-darwin",
      "group": "toplevel",
      "priority": 5
    },
    {
      "attr_path": "jdk21",
      "broken": false,
      "derivation": "/nix/store/6kl81h81sl1ylyid9d67imydw6af45d0-openjdk-21.0.10+7.drv",
      "description": "Open-source Java Development Kit",
      "install_id": "jdk21",
      "license": "GPL-2.0-only",
      "locked_url": "https://github.com/flox/nixpkgs?rev=6c9a78c09ff4d6c21d0319114873508a6ec01655",
      "name": "openjdk-21.0.10+7",
      "pname": "jdk21",
      "rev": "6c9a78c09ff4d6c21d0319114873508a6ec01655",
      "rev_count": 967235,
      "rev_date": "2026-03-21T15:16:39Z",
      "scrape_date": "2026-03-25T16:25:06.250253Z",
      "stabilities": [
        "unstable"
      ],
      "unfree": false,
      "version": "21.0.10+7",
      "outputs_to_install": [
        "out"
      ],
      "outputs": {
        "debug": "/nix/store/8byahby6s6rkx28ng1vnyh6dfxinnr5w-openjdk-21.0.10+7-debug",
        "out": "/nix/store/nsjy736drsfnp0g5i1z413pwsz1n88gs-openjdk-21.0.10+7"
      },
      "system": "aarch64-linux",
      "group": "toplevel",
      "priority": 5
    },
    {
      "attr_path": "jdk21",
      "broken": false,
      "derivation": "/nix/store/wjgnyjyyj37263jxr5y29p48qw8ag3b0-zulu-ca-jdk-21.0.8.drv",
      "description": "Certified builds of OpenJDK",
      "install_id": "jdk21",
      "license": "GPL-2.0-only",
      "locked_url": "https://github.com/flox/nixpkgs?rev=6c9a78c09ff4d6c21d0319114873508a6ec01655",
      "name": "zulu-ca-jdk-21.0.8",
      "pname": "jdk21",
      "rev": "6c9a78c09ff4d6c21d0319114873508a6ec01655",
      "rev_count": 967235,
      "rev_date": "2026-03-21T15:16:39Z",
      "scrape_date": "2026-03-25T17:02:58.804687Z",
      "stabilities": [
        "unstable"
      ],
      "unfree": false,
      "version": "21.0.8",
      "outputs_to_install": [
        "out"
      ],
      "outputs": {
        "out": "/nix/store/rd9lrhvl2qfp7z9c85xj2k0ak2f5q7d0-zulu-ca-jdk-21.0.8"
      },
      "system": "x86_64-darwin",
      "group": "toplevel",
      "priority": 5
    },
    {
      "attr_path": "jdk21",
      "broken": false,
      "derivation": "/nix/store/k2igmy1x002waw8ds8cv77b9lmcbdvrl-openjdk-21.0.10+7.drv",
      "description": "Open-source Java Development Kit",
      "install_id": "jdk21",
      "license": "GPL-2.0-only",
      "locked_url": "https://github.com/flox/nixpkgs?rev=6c9a78c09ff4d6c21d0319114873508a6ec01655",
      "name": "openjdk-21.0.10+7",
      "pname": "jdk21",
      "rev": "6c9a78c09ff4d6c21d0319114873508a6ec01655",
      "rev_count": 967235,
      "rev_date": "2026-03-21T15:16:39Z",
      "scrape_date": "2026-03-25T17:47:20.000171Z",
      "stabilities": [
        "unstable"
      ],
      "unfree": false,
      "version": "21.0.10+7",
      "outputs_to_install": [
        "out",
        "out"
      ],
      "outputs": {
        "debug": "/nix/store/dxzpjpy67jc4630dfmpn6nixgrf5mab5-openjdk-21.0.10+7-debug",
        "out": "/nix/store/kiaiabxhnl2a15zpiamqvg13wfx1ikal-openjdk-21.0.10+7"
      },
      "system": "x86_64-linux",
      "group": "toplevel",
      "priority": 5
    },
    {
      "attr_path": "kubectl",
      "broken": false,
      "derivation": "/nix/store/2cfbpf3yn4jdy93ar7l8j5799zn4anvj-kubectl-1.35.2.drv",
      "description": "Kubernetes CLI",
      "install_id": "kubectl",
      "license": "Apache-2.0",
      "locked_url": "https://github.com/flox/nixpkgs?rev=6c9a78c09ff4d6c21d0319114873508a6ec01655",
      "name": "kubectl-1.35.2",
      "pname": "kubectl",
      "rev": "6c9a78c09ff4d6c21d0319114873508a6ec01655",
      "rev_count": 967235,
      "rev_date": "2026-03-21T15:16:39Z",
      "scrape_date": "2026-03-25T15:44:18.449947Z",
      "stabilities": [
        "unstable"
      ],
      "unfree": false,
      "version": "1.35.2",
      "outputs_to_install": [
        "man",
        "out"
      ],
      "outputs": {
        "convert": "/nix/store/mgyy6dppfk9js3x7mn4rizgxz24x94wq-kubectl-1.35.2-convert",
        "man": "/nix/store/hkfc6v6rxdz9fy05zhyiah6zajjgj15l-kubectl-1.35.2-man",
        "out": "/nix/store/ax8c4cfzaa2dx61akwbjrszh89c1n7q1-kubectl-1.35.2"
      },
      "system": "aarch64-darwin",
      "group": "toplevel",
      "priority": 5
    },
    {
      "attr_path": "kubectl",
      "broken": false,
      "derivation": "/nix/store/cp59kcbfz74lhynm5rzbvd80kwy63il3-kubectl-1.35.2.drv",
      "description": "Kubernetes CLI",
      "install_id": "kubectl",
      "license": "Apache-2.0",
      "locked_url": "https://github.com/flox/nixpkgs?rev=6c9a78c09ff4d6c21d0319114873508a6ec01655",
      "name": "kubectl-1.35.2",
      "pname": "kubectl",
      "rev": "6c9a78c09ff4d6c21d0319114873508a6ec01655",
      "rev_count": 967235,
      "rev_date": "2026-03-21T15:16:39Z",
      "scrape_date": "2026-03-25T16:25:08.288173Z",
      "stabilities": [
        "unstable"
      ],
      "unfree": false,
      "version": "1.35.2",
      "outputs_to_install": [
        "man",
        "out"
      ],
      "outputs": {
        "convert": "/nix/store/wbbyl9ma4pxl1756mpg4aqjf4dr1xfpw-kubectl-1.35.2-convert",
        "man": "/nix/store/wm8frph3rl9ymni6kiafi4wk19ncc2ry-kubectl-1.35.2-man",
        "out": "/nix/store/3gm39aj0f4r57zffl29jyxdnq7sj24i4-kubectl-1.35.2"
      },
      "system": "aarch64-linux",
      "group": "toplevel",
      "priority": 5
    },
    {
      "attr_path": "kubectl",
      "broken": false,
      "derivation": "/nix/store/6y7lb7z859hv8mb1dx3ca2i5s7cqprsz-kubectl-1.35.2.drv",
      "description": "Kubernetes CLI",
      "install_id": "kubectl",
      "license": "Apache-2.0",
      "locked_url": "https://github.com/flox/nixpkgs?rev=6c9a78c09ff4d6c21d0319114873508a6ec01655",
      "name": "kubectl-1.35.2",
      "pname": "kubectl",
      "rev": "6c9a78c09ff4d6c21d0319114873508a6ec01655",
      "rev_count": 967235,
      "rev_date": "2026-03-21T15:16:39Z",
      "scrape_date": "2026-03-25T17:02:59.700431Z",
      "stabilities": [
        "unstable"
      ],
      "unfree": false,
      "version": "1.35.2",
      "outputs_to_install": [
        "man",
        "out"
      ],
      "outputs": {
        "convert": "/nix/store/sdd0cy55rs9psfq7xpx98af6hymzyvxq-kubectl-1.35.2-convert",
        "man": "/nix/store/a2n5j4jghmjdr5y30var2xw47hqc7cji-kubectl-1.35.2-man",
        "out": "/nix/store/b6nj1yxx90nx7j77n5z8qqiiqpyaq6by-kubectl-1.35.2"
      },
      "system": "x86_64-darwin",
      "group": "toplevel",
      "priority": 5
    },
    {
      "attr_path": "kubectl",
      "broken": false,
      "derivation": "/nix/store/1djiqc23m3zqvx82cl79x91fbqjfac2v-kubectl-1.35.2.drv",
      "description": "Kubernetes CLI",
      "install_id": "kubectl",
      "license": "Apache-2.0",
      "locked_url": "https://github.com/flox/nixpkgs?rev=6c9a78c09ff4d6c21d0319114873508a6ec01655",
      "name": "kubectl-1.35.2",
      "pname": "kubectl",
      "rev": "6c9a78c09ff4d6c21d0319114873508a6ec01655",
      "rev_count": 967235,
      "rev_date": "2026-03-21T15:16:39Z",
      "scrape_date": "2026-03-25T17:47:22.145222Z",
      "stabilities": [
        "unstable"
      ],
      "unfree": false,
      "version": "1.35.2",
      "outputs_to_install": [
        "man",
        "out"
      ],
      "outputs": {
        "convert": "/nix/store/4acpvq3yk7ikrw1pmq3sl5ajfwa67z2q-kubectl-1.35.2-convert",
        "man": "/nix/store/s0khmkkcjvnn3m6sbs51f1j6b1y8v4fm-kubectl-1.35.2-man",
        "out": "/nix/store/w7vdsgdayrd84g3b95m1rh6110ywmbgi-kubectl-1.35.2"
      },
      "system": "x86_64-linux",
      "group": "toplevel",
      "priority": 5
    },
    {
      "attr_path": "kubernetes-helm",
      "broken": false,
      "derivation": "/nix/store/p09s22gnv0qqfn7jjgqh492ds5bkycbi-kubernetes-helm-3.19.1.drv",
      "description": "Package manager for kubernetes",
      "install_id": "kubernetes-helm",
      "license": "Apache-2.0",
      "locked_url": "https://github.com/flox/nixpkgs?rev=6c9a78c09ff4d6c21d0319114873508a6ec01655",
      "name": "kubernetes-helm-3.19.1",
      "pname": "kubernetes-helm",
      "rev": "6c9a78c09ff4d6c21d0319114873508a6ec01655",
      "rev_count": 967235,
      "rev_date": "2026-03-21T15:16:39Z",
      "scrape_date": "2026-03-25T15:44:18.503424Z",
      "stabilities": [
        "unstable"
      ],
      "unfree": false,
      "version": "3.19.1",
      "outputs_to_install": [
        "out"
      ],
      "outputs": {
        "out": "/nix/store/lj80z1b76xig3lfn0s0cmj1lff99jrq3-kubernetes-helm-3.19.1"
      },
      "system": "aarch64-darwin",
      "group": "toplevel",
      "priority": 5
    },
    {
      "attr_path": "kubernetes-helm",
      "broken": false,
      "derivation": "/nix/store/4v2rppsdyrm86a1kk748jn48gwql1b83-kubernetes-helm-3.19.1.drv",
      "description": "Package manager for kubernetes",
      "install_id": "kubernetes-helm",
      "license": "Apache-2.0",
      "locked_url": "https://github.com/flox/nixpkgs?rev=6c9a78c09ff4d6c21d0319114873508a6ec01655",
      "name": "kubernetes-helm-3.19.1",
      "pname": "kubernetes-helm",
      "rev": "6c9a78c09ff4d6c21d0319114873508a6ec01655",
      "rev_count": 967235,
      "rev_date": "2026-03-21T15:16:39Z",
      "scrape_date": "2026-03-25T16:25:08.351377Z",
      "stabilities": [
        "unstable"
      ],
      "unfree": false,
      "version": "3.19.1",
      "outputs_to_install": [
        "out"
      ],
      "outputs": {
        "out": "/nix/store/zzzspvhp2sxrcii8g6gi65c78mmc5ifg-kubernetes-helm-3.19.1"
      },
      "system": "aarch64-linux",
      "group": "toplevel",
      "priority": 5
    },
    {
      "attr_path": "kubernetes-helm",
      "broken": false,
      "derivation": "/nix/store/8qnqvhmswq2yq5xm6irrkc8b95g4rf8k-kubernetes-helm-3.19.1.drv",
      "description": "Package manager for kubernetes",
      "install_id": "kubernetes-helm",
      "license": "Apache-2.0",
      "locked_url": "https://github.com/flox/nixpkgs?rev=6c9a78c09ff4d6c21d0319114873508a6ec01655",
      "name": "kubernetes-helm-3.19.1",
      "pname": "kubernetes-helm",
      "rev": "6c9a78c09ff4d6c21d0319114873508a6ec01655",
      "rev_count": 967235,
      "rev_date": "2026-03-21T15:16:39Z",
      "scrape_date": "2026-03-25T17:02:59.749698Z",
      "stabilities": [
        "unstable"
      ],
      "unfree": false,
      "version": "3.19.1",
      "outputs_to_install": [
        "out"
      ],
      "outputs": {
        "out": "/nix/store/5wig6vkavjfp1jd3qbx9mbyiiqbfsa75-kubernetes-helm-3.19.1"
      },
      "system": "x86_64-darwin",
      "group": "toplevel",
      "priority": 5
    },
    {
      "attr_path": "kubernetes-helm",
      "broken": false,
      "derivation": "/nix/store/9ahmn6wycawk85zmbcs7sp2qkam06x7s-kubernetes-helm-3.19.1.drv",
      "description": "Package manager for kubernetes",
      "install_id": "kubernetes-helm",
      "license": "Apache-2.0",
      "locked_url": "https://github.com/flox/nixpkgs?rev=6c9a78c09ff4d6c21d0319114873508a6ec01655",
      "name": "kubernetes-helm-3.19.1",
      "pname": "kubernetes-helm",
      "rev": "6c9a78c09ff4d6c21d0319114873508a6ec01655",
      "rev_count": 967235,
      "rev_date": "2026-03-21T15:16:39Z",
      "scrape_date": "2026-03-25T17:47:22.208830Z",
      "stabilities": [
        "unstable"
      ],
      "unfree": false,
      "version": "3.19.1",
      "outputs_to_install": [
        "out"
      ],
      "outputs": {
        "out": "/nix/store/6gdpshqw9zx0iz7g6xdkbkxkd5xc6kdd-kubernetes-helm-3.19.1"
      },
      "system": "x86_64-linux",
      "group": "toplevel",
      "priority": 5
    },
    {
      "attr_path": "kustomize",
      "broken": false,
      "derivation": "/nix/store/9as35wzad6gbqqdkvcq5q0fg6whfc0hz-kustomize-5.8.1.drv",
      "description": "Customization of kubernetes YAML configurations",
      "install_id": "kustomize",
      "license": "Apache-2.0",
      "locked_url": "https://github.com/flox/nixpkgs?rev=6c9a78c09ff4d6c21d0319114873508a6ec01655",
      "name": "kustomize-5.8.1",
      "pname": "kustomize",
      "rev": "6c9a78c09ff4d6c21d0319114873508a6ec01655",
      "rev_count": 967235,
      "rev_date": "2026-03-21T15:16:39Z",
      "scrape_date": "2026-03-25T15:44:18.558206Z",
      "stabilities": [
        "unstable"
      ],
      "unfree": false,
      "version": "5.8.1",
      "outputs_to_install": [
        "out"
      ],
      "outputs": {
        "out": "/nix/store/240mgl601hxwpcylrs43h7rkvf5i5n8n-kustomize-5.8.1"
      },
      "system": "aarch64-darwin",
      "group": "toplevel",
      "priority": 5
    },
    {
      "attr_path": "kustomize",
      "broken": false,
      "derivation": "/nix/store/pn020rhiv3vas5vdh79j4x6vm3wxg8b6-kustomize-5.8.1.drv",
      "description": "Customization of kubernetes YAML configurations",
      "install_id": "kustomize",
      "license": "Apache-2.0",
      "locked_url": "https://github.com/flox/nixpkgs?rev=6c9a78c09ff4d6c21d0319114873508a6ec01655",
      "name": "kustomize-5.8.1",
      "pname": "kustomize",
      "rev": "6c9a78c09ff4d6c21d0319114873508a6ec01655",
      "rev_count": 967235,
      "rev_date": "2026-03-21T15:16:39Z",
      "scrape_date": "2026-03-25T16:25:08.421361Z",
      "stabilities": [
        "unstable"
      ],
      "unfree": false,
      "version": "5.8.1",
      "outputs_to_install": [
        "out"
      ],
      "outputs": {
        "out": "/nix/store/hgpfcbrf4n5rag320lj96l2zjnr349k1-kustomize-5.8.1"
      },
      "system": "aarch64-linux",
      "group": "toplevel",
      "priority": 5
    },
    {
      "attr_path": "kustomize",
      "broken": false,
      "derivation": "/nix/store/86jjjxh6sk70c5fmdhwxng940qsc87q0-kustomize-5.8.1.drv",
      "description": "Customization of kubernetes YAML configurations",
      "install_id": "kustomize",
      "license": "Apache-2.0",
      "locked_url": "https://github.com/flox/nixpkgs?rev=6c9a78c09ff4d6c21d0319114873508a6ec01655",
      "name": "kustomize-5.8.1",
      "pname": "kustomize",
      "rev": "6c9a78c09ff4d6c21d0319114873508a6ec01655",
      "rev_count": 967235,
      "rev_date": "2026-03-21T15:16:39Z",
      "scrape_date": "2026-03-25T17:02:59.802610Z",
      "stabilities": [
        "unstable"
      ],
      "unfree": false,
      "version": "5.8.1",
      "outputs_to_install": [
        "out"
      ],
      "outputs": {
        "out": "/nix/store/mwd6cr946wgks88j1a2y20h0l03d2f58-kustomize-5.8.1"
      },
      "system": "x86_64-darwin",
      "group": "toplevel",
      "priority": 5
    },
    {
      "attr_path": "kustomize",
      "broken": false,
      "derivation": "/nix/store/0fv6b1bnbd9ggiwwhi1q81q5y4lv45i2-kustomize-5.8.1.drv",
      "description": "Customization of kubernetes YAML configurations",
      "install_id": "kustomize",
      "license": "Apache-2.0",
      "locked_url": "https://github.com/flox/nixpkgs?rev=6c9a78c09ff4d6c21d0319114873508a6ec01655",
      "name": "kustomize-5.8.1",
      "pname": "kustomize",
      "rev": "6c9a78c09ff4d6c21d0319114873508a6ec01655",
      "rev_count": 967235,
      "rev_date": "2026-03-21T15:16:39Z",
      "scrape_date": "2026-03-25T17:47:22.282289Z",
      "stabilities": [
        "unstable"
      ],
      "unfree": false,
      "version": "5.8.1",
      "outputs_to_install": [
        "out"
      ],
      "outputs": {
        "out": "/nix/store/j8dgjvff44cjrqr8a6iidlphaqr4msdw-kustomize-5.8.1"
      },
      "system": "x86_64-linux",
      "group": "toplevel",
      "priority": 5
    },
    {
      "attr_path": "nodejs",
      "broken": false,
      "derivation": "/nix/store/g2yfx00n1lp9i8ka7nbl11fawc0yfm7n-nodejs-24.14.0.drv",
      "description": "Event-driven I/O framework for the V8 JavaScript engine",
      "install_id": "nodejs",
      "license": "MIT",
      "locked_url": "https://github.com/flox/nixpkgs?rev=6c9a78c09ff4d6c21d0319114873508a6ec01655",
      "name": "nodejs-24.14.0",
      "pname": "nodejs",
      "rev": "6c9a78c09ff4d6c21d0319114873508a6ec01655",
      "rev_count": 967235,
      "rev_date": "2026-03-21T15:16:39Z",
      "scrape_date": "2026-03-25T15:44:26.135164Z",
      "stabilities": [
        "unstable"
      ],
      "unfree": false,
      "version": "24.14.0",
      "outputs_to_install": [
        "out"
      ],
      "outputs": {
        "out": "/nix/store/d5hw52iialz64hvfzfp9qm1gr2fp43kx-nodejs-24.14.0"
      },
      "system": "aarch64-darwin",
      "group": "toplevel",
      "priority": 5
    },
    {
      "attr_path": "nodejs",
      "broken": false,
      "derivation": "/nix/store/jj8rw2gnisil7dw10xi2qdinad9jqp7s-nodejs-24.14.0.drv",
      "description": "Event-driven I/O framework for the V8 JavaScript engine",
      "install_id": "nodejs",
      "license": "MIT",
      "locked_url": "https://github.com/flox/nixpkgs?rev=6c9a78c09ff4d6c21d0319114873508a6ec01655",
      "name": "nodejs-24.14.0",
      "pname": "nodejs",
      "rev": "6c9a78c09ff4d6c21d0319114873508a6ec01655",
      "rev_count": 967235,
      "rev_date": "2026-03-21T15:16:39Z",
      "scrape_date": "2026-03-25T16:25:23.657087Z",
      "stabilities": [
        "unstable"
      ],
      "unfree": false,
      "version": "24.14.0",
      "outputs_to_install": [
        "out"
      ],
      "outputs": {
        "out": "/nix/store/vs8zaq8fvbbjqfg4bzn424kn55sj7s7y-nodejs-24.14.0"
      },
      "system": "aarch64-linux",
      "group": "toplevel",
      "priority": 5
    },
    {
      "attr_path": "nodejs",
      "broken": false,
      "derivation": "/nix/store/l9ksrfa960964gqf23yfr7a66a2n18c1-nodejs-24.14.0.drv",
      "description": "Event-driven I/O framework for the V8 JavaScript engine",
      "install_id": "nodejs",
      "license": "MIT",
      "locked_url": "https://github.com/flox/nixpkgs?rev=6c9a78c09ff4d6c21d0319114873508a6ec01655",
      "name": "nodejs-24.14.0",
      "pname": "nodejs",
      "rev": "6c9a78c09ff4d6c21d0319114873508a6ec01655",
      "rev_count": 967235,
      "rev_date": "2026-03-21T15:16:39Z",
      "scrape_date": "2026-03-25T17:03:08.010549Z",
      "stabilities": [
        "unstable"
      ],
      "unfree": false,
      "version": "24.14.0",
      "outputs_to_install": [
        "out"
      ],
      "outputs": {
        "out": "/nix/store/70ypbaj273w2kk0nrs4vijizyqgbg48v-nodejs-24.14.0"
      },
      "system": "x86_64-darwin",
      "group": "toplevel",
      "priority": 5
    },
    {
      "attr_path": "nodejs",
      "broken": false,
      "derivation": "/nix/store/15s1kk2n6vg180wg04wj2wgnl19f03v7-nodejs-24.14.0.drv",
      "description": "Event-driven I/O framework for the V8 JavaScript engine",
      "install_id": "nodejs",
      "license": "MIT",
      "locked_url": "https://github.com/flox/nixpkgs?rev=6c9a78c09ff4d6c21d0319114873508a6ec01655",
      "name": "nodejs-24.14.0",
      "pname": "nodejs",
      "rev": "6c9a78c09ff4d6c21d0319114873508a6ec01655",
      "rev_count": 967235,
      "rev_date": "2026-03-21T15:16:39Z",
      "scrape_date": "2026-03-25T17:47:40.163996Z",
      "stabilities": [
        "unstable"
      ],
      "unfree": false,
      "version": "24.14.0",
      "outputs_to_install": [
        "out"
      ],
      "outputs": {
        "out": "/nix/store/v2210ar51jddnrcx46m53ivv9palc26m-nodejs-24.14.0"
      },
      "system": "x86_64-linux",
      "group": "toplevel",
      "priority": 5
    },
    {
      "attr_path": "pnpm",
      "broken": false,
      "derivation": "/nix/store/jpgh221k27jp1qkppciq3c0lkvi0rsdq-pnpm-10.32.1.drv",
      "description": "Fast, disk space efficient package manager for JavaScript",
      "install_id": "pnpm",
      "license": "MIT",
      "locked_url": "https://github.com/flox/nixpkgs?rev=6c9a78c09ff4d6c21d0319114873508a6ec01655",
      "name": "pnpm-10.32.1",
      "pname": "pnpm",
      "rev": "6c9a78c09ff4d6c21d0319114873508a6ec01655",
      "rev_count": 967235,
      "rev_date": "2026-03-21T15:16:39Z",
      "scrape_date": "2026-03-25T15:44:41.454307Z",
      "stabilities": [
        "unstable"
      ],
      "unfree": false,
      "version": "10.32.1",
      "outputs_to_install": [
        "out"
      ],
      "outputs": {
        "out": "/nix/store/54ghj84qm4xznivin5ckmdxrnw8zglqg-pnpm-10.32.1"
      },
      "system": "aarch64-darwin",
      "group": "toplevel",
      "priority": 5
    },
    {
      "attr_path": "pnpm",
      "broken": false,
      "derivation": "/nix/store/w2f4kzry16im7df51ybxd6kyy0za71k4-pnpm-10.32.1.drv",
      "description": "Fast, disk space efficient package manager for JavaScript",
      "install_id": "pnpm",
      "license": "MIT",
      "locked_url": "https://github.com/flox/nixpkgs?rev=6c9a78c09ff4d6c21d0319114873508a6ec01655",
      "name": "pnpm-10.32.1",
      "pname": "pnpm",
      "rev": "6c9a78c09ff4d6c21d0319114873508a6ec01655",
      "rev_count": 967235,
      "rev_date": "2026-03-21T15:16:39Z",
      "scrape_date": "2026-03-25T16:25:43.027320Z",
      "stabilities": [
        "unstable"
      ],
      "unfree": false,
      "version": "10.32.1",
      "outputs_to_install": [
        "out"
      ],
      "outputs": {
        "out": "/nix/store/q5n5psmq8qg8b2snqr4k1hcl1q1j1h62-pnpm-10.32.1"
      },
      "system": "aarch64-linux",
      "group": "toplevel",
      "priority": 5
    },
    {
      "attr_path": "pnpm",
      "broken": false,
      "derivation": "/nix/store/q7fc0wvgam9h19rd0f7lpdw6vxkc549w-pnpm-10.32.1.drv",
      "description": "Fast, disk space efficient package manager for JavaScript",
      "install_id": "pnpm",
      "license": "MIT",
      "locked_url": "https://github.com/flox/nixpkgs?rev=6c9a78c09ff4d6c21d0319114873508a6ec01655",
      "name": "pnpm-10.32.1",
      "pname": "pnpm",
      "rev": "6c9a78c09ff4d6c21d0319114873508a6ec01655",
      "rev_count": 967235,
      "rev_date": "2026-03-21T15:16:39Z",
      "scrape_date": "2026-03-25T17:03:23.676692Z",
      "stabilities": [
        "unstable"
      ],
      "unfree": false,
      "version": "10.32.1",
      "outputs_to_install": [
        "out"
      ],
      "outputs": {
        "out": "/nix/store/453x94wa4h63g2if7a5dmdp6q9n9j0wc-pnpm-10.32.1"
      },
      "system": "x86_64-darwin",
      "group": "toplevel",
      "priority": 5
    },
    {
      "attr_path": "pnpm",
      "broken": false,
      "derivation": "/nix/store/6yz9czi9ql7w5j1c79bcdxr0dg8l73sb-pnpm-10.32.1.drv",
      "description": "Fast, disk space efficient package manager for JavaScript",
      "install_id": "pnpm",
      "license": "MIT",
      "locked_url": "https://github.com/flox/nixpkgs?rev=6c9a78c09ff4d6c21d0319114873508a6ec01655",
      "name": "pnpm-10.32.1",
      "pname": "pnpm",
      "rev": "6c9a78c09ff4d6c21d0319114873508a6ec01655",
      "rev_count": 967235,
      "rev_date": "2026-03-21T15:16:39Z",
      "scrape_date": "2026-03-25T17:48:02.187841Z",
      "stabilities": [
        "unstable"
      ],
      "unfree": false,
      "version": "10.32.1",
      "outputs_to_install": [
        "out"
      ],
      "outputs": {
        "out": "/nix/store/q845mzglbbmqy7i5mlkhy4yvbw7l1j7g-pnpm-10.32.1"
      },
      "system": "x86_64-linux",
      "group": "toplevel",
      "priority": 5
    },
    {
      "attr_path": "terraform",
      "broken": false,
      "derivation": "/nix/store/8f0zgdijng9qzgl56mpbn6irarcmbn2g-terraform-1.14.6.drv",
      "description": "Tool for building, changing, and versioning infrastructure",
      "install_id": "terraform",
      "license": "BUSL-1.1",
      "locked_url": "https://github.com/flox/nixpkgs?rev=6c9a78c09ff4d6c21d0319114873508a6ec01655",
      "name": "terraform-1.14.6",
      "pname": "terraform",
      "rev": "6c9a78c09ff4d6c21d0319114873508a6ec01655",
      "rev_count": 967235,
      "rev_date": "2026-03-21T15:16:39Z",
      "scrape_date": "2026-03-25T15:45:57.026895Z",
      "stabilities": [
        "unstable"
      ],
      "unfree": true,
      "version": "1.14.6",
      "outputs_to_install": [
        "out"
      ],
      "outputs": {
        "out": "/nix/store/xk7hvhwbf0z6iyrs2aka1wd3hjv6f1zp-terraform-1.14.6"
      },
      "system": "aarch64-darwin",
      "group": "toplevel",
      "priority": 5
    },
    {
      "attr_path": "terraform",
      "broken": false,
      "derivation": "/nix/store/9lb94h3l0n5xnlnrvs87yph7r1zd2skb-terraform-1.14.6.drv",
      "description": "Tool for building, changing, and versioning infrastructure",
      "install_id": "terraform",
      "license": "BUSL-1.1",
      "locked_url": "https://github.com/flox/nixpkgs?rev=6c9a78c09ff4d6c21d0319114873508a6ec01655",
      "name": "terraform-1.14.6",
      "pname": "terraform",
      "rev": "6c9a78c09ff4d6c21d0319114873508a6ec01655",
      "rev_count": 967235,
      "rev_date": "2026-03-21T15:16:39Z",
      "scrape_date": "2026-03-25T16:27:13.938812Z",
      "stabilities": [
        "unstable"
      ],
      "unfree": true,
      "version": "1.14.6",
      "outputs_to_install": [
        "out"
      ],
      "outputs": {
        "out": "/nix/store/7hq466ahwazwk91p6llrnhs0lwikh7b5-terraform-1.14.6"
      },
      "system": "aarch64-linux",
      "group": "toplevel",
      "priority": 5
    },
    {
      "attr_path": "terraform",
      "broken": false,
      "derivation": "/nix/store/wwssl7b588h7kzh1jawjzh5n4cqbs5wh-terraform-1.14.6.drv",
      "description": "Tool for building, changing, and versioning infrastructure",
      "install_id": "terraform",
      "license": "BUSL-1.1",
      "locked_url": "https://github.com/flox/nixpkgs?rev=6c9a78c09ff4d6c21d0319114873508a6ec01655",
      "name": "terraform-1.14.6",
      "pname": "terraform",
      "rev": "6c9a78c09ff4d6c21d0319114873508a6ec01655",
      "rev_count": 967235,
      "rev_date": "2026-03-21T15:16:39Z",
      "scrape_date": "2026-03-25T17:04:41.584511Z",
      "stabilities": [
        "unstable"
      ],
      "unfree": true,
      "version": "1.14.6",
      "outputs_to_install": [
        "out"
      ],
      "outputs": {
        "out": "/nix/store/bvy6m79gm2gazgsy9zyikz02ljnkxcpa-terraform-1.14.6"
      },
      "system": "x86_64-darwin",
      "group": "toplevel",
      "priority": 5
    },
    {
      "attr_path": "terraform",
      "broken": false,
      "derivation": "/nix/store/kjarlcpg1kcwl5dc3ijs4lb6gsx76jb2-terraform-1.14.6.drv",
      "description": "Tool for building, changing, and versioning infrastructure",
      "install_id": "terraform",
      "license": "BUSL-1.1",
      "locked_url": "https://github.com/flox/nixpkgs?rev=6c9a78c09ff4d6c21d0319114873508a6ec01655",
      "name": "terraform-1.14.6",
      "pname": "terraform",
      "rev": "6c9a78c09ff4d6c21d0319114873508a6ec01655",
      "rev_count": 967235,
      "rev_date": "2026-03-21T15:16:39Z",
      "scrape_date": "2026-03-25T17:49:44.600546Z",
      "stabilities": [
        "unstable"
      ],
      "unfree": true,
      "version": "1.14.6",
      "outputs_to_install": [
        "out"
      ],
      "outputs": {
        "out": "/nix/store/b5vw87jqlrzimhfi0182i470dvizmn7i-terraform-1.14.6"
      },
      "system": "x86_64-linux",
      "group": "toplevel",
      "priority": 5
    }
  ]
}
